
Microsoft Visual Studio Solution File, Format Version 12.00
# Visual Studio Version 17
VisualStudioVersion = 17.0.32014.148
MinimumVisualStudioVersion = 10.0.40219.1
Project("{FAE04EC0-301F-11D3-BF4B-00C04F79EFBC}") = "WinFormsHello", "WinFormsHello.csproj", "{734B8CEF-281F-4584-BC50-367BE84F4F79}"
EndProject
Global
	GlobalSection(SolutionConfigurationPlatforms) = preSolution
		Debug|Any CPU = Debug|Any CPU
		Release|Any CPU = Release|Any CPU
	EndGlobalSection
	GlobalSection(ProjectConfigurationPlatforms) = postSolution
		{734B8CEF-281F-4584-BC50-367BE84F4F79}.Debug|Any CPU.ActiveCfg = Debug|Any CPU
		{734B8CEF-281F-4584-BC50-367BE84F4F79}.Debug|Any CPU.Build.0 = Debug|Any CPU
		{734B8CEF-281F-4584-BC50-367BE84F4F79}.Release|Any CPU.ActiveCfg = Release|Any CPU
		{734B8CEF-281F-4584-BC50-367BE84F4F79}.Release|Any CPU.Build.0 = Release|Any CPU
	EndGlobalSection
	GlobalSection(SolutionProperties) = preSolution
		HideSolutionNode = FALSE
	EndGlobalSection
	GlobalSection(ExtensibilityGlobals) = postSolution
		SolutionGuid = {E69F260F-C1F0-4451-8D9D-EE58AF5EF6CA}
	EndGlobalSection
EndGlobal
