
Microsoft Visual Studio Solution File, Format Version 12.00
# Visual Studio Version 17
VisualStudioVersion = 17.0.32014.148
MinimumVisualStudioVersion = 10.0.40219.1
Project("{FAE04EC0-301F-11D3-BF4B-00C04F79EFBC}") = "Opdracht24Dario", "Opdracht24Dario.csproj", "{3DC66C6E-54ED-4BA1-BAEB-1780B8E5467C}"
EndProject
Global
	GlobalSection(SolutionConfigurationPlatforms) = preSolution
		Debug|Any CPU = Debug|Any CPU
		Release|Any CPU = Release|Any CPU
	EndGlobalSection
	GlobalSection(ProjectConfigurationPlatforms) = postSolution
		{3DC66C6E-54ED-4BA1-BAEB-1780B8E5467C}.Debug|Any CPU.ActiveCfg = Debug|Any CPU
		{3DC66C6E-54ED-4BA1-BAEB-1780B8E5467C}.Debug|Any CPU.Build.0 = Debug|Any CPU
		{3DC66C6E-54ED-4BA1-BAEB-1780B8E5467C}.Release|Any CPU.ActiveCfg = Release|Any CPU
		{3DC66C6E-54ED-4BA1-BAEB-1780B8E5467C}.Release|Any CPU.Build.0 = Release|Any CPU
	EndGlobalSection
	GlobalSection(SolutionProperties) = preSolution
		HideSolutionNode = FALSE
	EndGlobalSection
	GlobalSection(ExtensibilityGlobals) = postSolution
		SolutionGuid = {BE1F4523-8D86-4CB6-936D-04E4AC5FBDB8}
	EndGlobalSection
EndGlobal
