
Microsoft Visual Studio Solution File, Format Version 12.00
# Visual Studio Version 17
VisualStudioVersion = 17.0.32014.148
MinimumVisualStudioVersion = 10.0.40219.1
Project("{FAE04EC0-301F-11D3-BF4B-00C04F79EFBC}") = "Opdracht25Dario", "Opdracht25Dario.csproj", "{DDAB2518-DF06-4942-BE19-45F175F6874D}"
EndProject
Global
	GlobalSection(SolutionConfigurationPlatforms) = preSolution
		Debug|Any CPU = Debug|Any CPU
		Release|Any CPU = Release|Any CPU
	EndGlobalSection
	GlobalSection(ProjectConfigurationPlatforms) = postSolution
		{DDAB2518-DF06-4942-BE19-45F175F6874D}.Debug|Any CPU.ActiveCfg = Debug|Any CPU
		{DDAB2518-DF06-4942-BE19-45F175F6874D}.Debug|Any CPU.Build.0 = Debug|Any CPU
		{DDAB2518-DF06-4942-BE19-45F175F6874D}.Release|Any CPU.ActiveCfg = Release|Any CPU
		{DDAB2518-DF06-4942-BE19-45F175F6874D}.Release|Any CPU.Build.0 = Release|Any CPU
	EndGlobalSection
	GlobalSection(SolutionProperties) = preSolution
		HideSolutionNode = FALSE
	EndGlobalSection
	GlobalSection(ExtensibilityGlobals) = postSolution
		SolutionGuid = {F27C64AC-E0DB-4A8F-9FB1-CF4994BDF12E}
	EndGlobalSection
EndGlobal
